// !$*UTF8*$!
{
	archiveVersion = 1;
	classes = {
	};
	objectVersion = 46;
	objects = {

/* Begin PBXBuildFile section */
		C6F40FD6E0C04D03B6254E7C /* libPods.a in Frameworks */ = {isa = PBXBuildFile; fileRef = FEFC9B54C18E4F309A9831BD /* libPods.a */; };
		D016328B18CDDE86007E207F /* SystemConfiguration.framework in Frameworks */ = {isa = PBXBuildFile; fileRef = D016328A18CDDE86007E207F /* SystemConfiguration.framework */; };
		D03C663518E5A280001FE75A /* Load.m in Sources */ = {isa = PBXBuildFile; fileRef = D03C663418E5A280001FE75A /* Load.m */; };
		D091D2DA18CB24A100292450 /* Foundation.framework in Frameworks */ = {isa = PBXBuildFile; fileRef = D091D2D918CB24A100292450 /* Foundation.framework */; };
		D091D2DC18CB24A100292450 /* CoreGraphics.framework in Frameworks */ = {isa = PBXBuildFile; fileRef = D091D2DB18CB24A100292450 /* CoreGraphics.framework */; };
		D091D2DE18CB24A100292450 /* UIKit.framework in Frameworks */ = {isa = PBXBuildFile; fileRef = D091D2DD18CB24A100292450 /* UIKit.framework */; };
		D091D2E018CB24A100292450 /* CoreData.framework in Frameworks */ = {isa = PBXBuildFile; fileRef = D091D2DF18CB24A100292450 /* CoreData.framework */; };
		D091D2E318CB24A200292450 /* Podfile in Resources */ = {isa = PBXBuildFile; fileRef = D091D2E218CB24A200292450 /* Podfile */; };
		D091D2E918CB24A200292450 /* NewAFTemplateProjectAPIClient.m in Sources */ = {isa = PBXBuildFile; fileRef = D091D2E818CB24A200292450 /* NewAFTemplateProjectAPIClient.m */; };
		D091D2ED18CB24A200292450 /* InfoPlist.strings in Resources */ = {isa = PBXBuildFile; fileRef = D091D2EB18CB24A200292450 /* InfoPlist.strings */; };
		D091D2EF18CB24A200292450 /* main.m in Sources */ = {isa = PBXBuildFile; fileRef = D091D2EE18CB24A200292450 /* main.m */; };
		D091D2F218CB24A200292450 /* NAFNPAppDelegate.m in Sources */ = {isa = PBXBuildFile; fileRef = D091D2F118CB24A200292450 /* NAFNPAppDelegate.m */; };
		D091D2F618CB24A200292450 /* NewAFTemplateProject.xcdatamodeld in Sources */ = {isa = PBXBuildFile; fileRef = D091D2F418CB24A200292450 /* NewAFTemplateProject.xcdatamodeld */; };
		D091D2F918CB24A200292450 /* NewAFTemplateProjectIncrementalStore.m in Sources */ = {isa = PBXBuildFile; fileRef = D091D2F818CB24A200292450 /* NewAFTemplateProjectIncrementalStore.m */; };
		D091D2FB18CB24A200292450 /* Images.xcassets in Resources */ = {isa = PBXBuildFile; fileRef = D091D2FA18CB24A200292450 /* Images.xcassets */; };
		D091D30218CB24A200292450 /* XCTest.framework in Frameworks */ = {isa = PBXBuildFile; fileRef = D091D30118CB24A200292450 /* XCTest.framework */; };
		D091D30318CB24A200292450 /* Foundation.framework in Frameworks */ = {isa = PBXBuildFile; fileRef = D091D2D918CB24A100292450 /* Foundation.framework */; };
		D091D30418CB24A200292450 /* UIKit.framework in Frameworks */ = {isa = PBXBuildFile; fileRef = D091D2DD18CB24A100292450 /* UIKit.framework */; };
		D091D30518CB24A200292450 /* CoreData.framework in Frameworks */ = {isa = PBXBuildFile; fileRef = D091D2DF18CB24A100292450 /* CoreData.framework */; };
		D091D30D18CB24A200292450 /* InfoPlist.strings in Resources */ = {isa = PBXBuildFile; fileRef = D091D30B18CB24A200292450 /* InfoPlist.strings */; };
		D091D30F18CB24A200292450 /* NewAFTemplateProjectTests.m in Sources */ = {isa = PBXBuildFile; fileRef = D091D30E18CB24A200292450 /* NewAFTemplateProjectTests.m */; };
		D091D31A18CB284100292450 /* LoadsTableViewController.m in Sources */ = {isa = PBXBuildFile; fileRef = D091D31918CB284100292450 /* LoadsTableViewController.m */; };
/* End PBXBuildFile section */

/* Begin PBXContainerItemProxy section */
		D091D30618CB24A200292450 /* PBXContainerItemProxy */ = {
			isa = PBXContainerItemProxy;
			containerPortal = D091D2CE18CB24A100292450 /* Project object */;
			proxyType = 1;
			remoteGlobalIDString = D091D2D518CB24A100292450;
			remoteInfo = NewAFTemplateProject;
		};
/* End PBXContainerItemProxy section */

/* Begin PBXFileReference section */
		D016328A18CDDE86007E207F /* SystemConfiguration.framework */ = {isa = PBXFileReference; lastKnownFileType = wrapper.framework; name = SystemConfiguration.framework; path = System/Library/Frameworks/SystemConfiguration.framework; sourceTree = SDKROOT; };
		D03C663318E5A280001FE75A /* Load.h */ = {isa = PBXFileReference; fileEncoding = 4; lastKnownFileType = sourcecode.c.h; path = Load.h; sourceTree = "<group>"; };
		D03C663418E5A280001FE75A /* Load.m */ = {isa = PBXFileReference; fileEncoding = 4; lastKnownFileType = sourcecode.c.objc; path = Load.m; sourceTree = "<group>"; };
		D091D2D618CB24A100292450 /* NewAFTemplateProject.app */ = {isa = PBXFileReference; explicitFileType = wrapper.application; includeInIndex = 0; path = NewAFTemplateProject.app; sourceTree = BUILT_PRODUCTS_DIR; };
		D091D2D918CB24A100292450 /* Foundation.framework */ = {isa = PBXFileReference; lastKnownFileType = wrapper.framework; name = Foundation.framework; path = System/Library/Frameworks/Foundation.framework; sourceTree = SDKROOT; };
		D091D2DB18CB24A100292450 /* CoreGraphics.framework */ = {isa = PBXFileReference; lastKnownFileType = wrapper.framework; name = CoreGraphics.framework; path = System/Library/Frameworks/CoreGraphics.framework; sourceTree = SDKROOT; };
		D091D2DD18CB24A100292450 /* UIKit.framework */ = {isa = PBXFileReference; lastKnownFileType = wrapper.framework; name = UIKit.framework; path = System/Library/Frameworks/UIKit.framework; sourceTree = SDKROOT; };
		D091D2DF18CB24A100292450 /* CoreData.framework */ = {isa = PBXFileReference; lastKnownFileType = wrapper.framework; name = CoreData.framework; path = System/Library/Frameworks/CoreData.framework; sourceTree = SDKROOT; };
		D091D2E218CB24A200292450 /* Podfile */ = {isa = PBXFileReference; lastKnownFileType = text; name = Podfile; path = ../Podfile; sourceTree = "<group>"; };
		D091D2E518CB24A200292450 /* NewAFTemplateProject-Prefix.pch */ = {isa = PBXFileReference; lastKnownFileType = sourcecode.c.h; path = "NewAFTemplateProject-Prefix.pch"; sourceTree = "<group>"; };
		D091D2E718CB24A200292450 /* NewAFTemplateProjectAPIClient.h */ = {isa = PBXFileReference; lastKnownFileType = sourcecode.c.h; name = NewAFTemplateProjectAPIClient.h; path = Classes/NewAFTemplateProjectAPIClient.h; sourceTree = "<group>"; };
		D091D2E818CB24A200292450 /* NewAFTemplateProjectAPIClient.m */ = {isa = PBXFileReference; lastKnownFileType = sourcecode.c.objc; name = NewAFTemplateProjectAPIClient.m; path = Classes/NewAFTemplateProjectAPIClient.m; sourceTree = "<group>"; };
		D091D2EA18CB24A200292450 /* NewAFTemplateProject-Info.plist */ = {isa = PBXFileReference; lastKnownFileType = text.plist.xml; path = "NewAFTemplateProject-Info.plist"; sourceTree = "<group>"; };
		D091D2EC18CB24A200292450 /* en */ = {isa = PBXFileReference; lastKnownFileType = text.plist.strings; name = en; path = en.lproj/InfoPlist.strings; sourceTree = "<group>"; };
		D091D2EE18CB24A200292450 /* main.m */ = {isa = PBXFileReference; lastKnownFileType = sourcecode.c.objc; path = main.m; sourceTree = "<group>"; };
		D091D2F018CB24A200292450 /* NAFNPAppDelegate.h */ = {isa = PBXFileReference; lastKnownFileType = sourcecode.c.h; path = NAFNPAppDelegate.h; sourceTree = "<group>"; };
		D091D2F118CB24A200292450 /* NAFNPAppDelegate.m */ = {isa = PBXFileReference; lastKnownFileType = sourcecode.c.objc; path = NAFNPAppDelegate.m; sourceTree = "<group>"; };
		D091D2F518CB24A200292450 /* NewAFTemplateProject.xcdatamodel */ = {isa = PBXFileReference; lastKnownFileType = wrapper.xcdatamodel; path = NewAFTemplateProject.xcdatamodel; sourceTree = "<group>"; };
		D091D2F718CB24A200292450 /* NewAFTemplateProjectIncrementalStore.h */ = {isa = PBXFileReference; lastKnownFileType = sourcecode.c.h; name = NewAFTemplateProjectIncrementalStore.h; path = Classes/NewAFTemplateProjectIncrementalStore.h; sourceTree = "<group>"; };
		D091D2F818CB24A200292450 /* NewAFTemplateProjectIncrementalStore.m */ = {isa = PBXFileReference; lastKnownFileType = sourcecode.c.objc; name = NewAFTemplateProjectIncrementalStore.m; path = Classes/NewAFTemplateProjectIncrementalStore.m; sourceTree = "<group>"; };
		D091D2FA18CB24A200292450 /* Images.xcassets */ = {isa = PBXFileReference; lastKnownFileType = folder.assetcatalog; path = Images.xcassets; sourceTree = "<group>"; };
		D091D30018CB24A200292450 /* NewAFTemplateProjectTests.xctest */ = {isa = PBXFileReference; explicitFileType = wrapper.cfbundle; includeInIndex = 0; path = NewAFTemplateProjectTests.xctest; sourceTree = BUILT_PRODUCTS_DIR; };
		D091D30118CB24A200292450 /* XCTest.framework */ = {isa = PBXFileReference; lastKnownFileType = wrapper.framework; name = XCTest.framework; path = Library/Frameworks/XCTest.framework; sourceTree = DEVELOPER_DIR; };
		D091D30A18CB24A200292450 /* NewAFTemplateProjectTests-Info.plist */ = {isa = PBXFileReference; lastKnownFileType = text.plist.xml; path = "NewAFTemplateProjectTests-Info.plist"; sourceTree = "<group>"; };
		D091D30C18CB24A200292450 /* en */ = {isa = PBXFileReference; lastKnownFileType = text.plist.strings; name = en; path = en.lproj/InfoPlist.strings; sourceTree = "<group>"; };
		D091D30E18CB24A200292450 /* NewAFTemplateProjectTests.m */ = {isa = PBXFileReference; lastKnownFileType = sourcecode.c.objc; path = NewAFTemplateProjectTests.m; sourceTree = "<group>"; };
		D091D31818CB284100292450 /* LoadsTableViewController.h */ = {isa = PBXFileReference; fileEncoding = 4; lastKnownFileType = sourcecode.c.h; path = LoadsTableViewController.h; sourceTree = "<group>"; };
		D091D31918CB284100292450 /* LoadsTableViewController.m */ = {isa = PBXFileReference; fileEncoding = 4; lastKnownFileType = sourcecode.c.objc; path = LoadsTableViewController.m; sourceTree = "<group>"; };
		E94D307ACC0E4BBFA4AD5C48 /* Pods.xcconfig */ = {isa = PBXFileReference; includeInIndex = 1; lastKnownFileType = text.xcconfig; name = Pods.xcconfig; path = Pods/Pods.xcconfig; sourceTree = "<group>"; };
		FEFC9B54C18E4F309A9831BD /* libPods.a */ = {isa = PBXFileReference; explicitFileType = archive.ar; includeInIndex = 0; path = libPods.a; sourceTree = BUILT_PRODUCTS_DIR; };
/* End PBXFileReference section */

/* Begin PBXFrameworksBuildPhase section */
		D091D2D318CB24A100292450 /* Frameworks */ = {
			isa = PBXFrameworksBuildPhase;
			buildActionMask = 2147483647;
			files = (
				D016328B18CDDE86007E207F /* SystemConfiguration.framework in Frameworks */,
				D091D2DC18CB24A100292450 /* CoreGraphics.framework in Frameworks */,
				D091D2E018CB24A100292450 /* CoreData.framework in Frameworks */,
				D091D2DE18CB24A100292450 /* UIKit.framework in Frameworks */,
				D091D2DA18CB24A100292450 /* Foundation.framework in Frameworks */,
				C6F40FD6E0C04D03B6254E7C /* libPods.a in Frameworks */,
			);
			runOnlyForDeploymentPostprocessing = 0;
		};
		D091D2FD18CB24A200292450 /* Frameworks */ = {
			isa = PBXFrameworksBuildPhase;
			buildActionMask = 2147483647;
			files = (
				D091D30218CB24A200292450 /* XCTest.framework in Frameworks */,
				D091D30518CB24A200292450 /* CoreData.framework in Frameworks */,
				D091D30418CB24A200292450 /* UIKit.framework in Frameworks */,
				D091D30318CB24A200292450 /* Foundation.framework in Frameworks */,
			);
			runOnlyForDeploymentPostprocessing = 0;
		};
/* End PBXFrameworksBuildPhase section */

/* Begin PBXGroup section */
		D091D2CD18CB24A100292450 = {
			isa = PBXGroup;
			children = (
				D091D2E118CB24A200292450 /* NewAFTemplateProject */,
				D091D30818CB24A200292450 /* NewAFTemplateProjectTests */,
				D091D2D818CB24A100292450 /* Frameworks */,
				D091D2D718CB24A100292450 /* Products */,
				E94D307ACC0E4BBFA4AD5C48 /* Pods.xcconfig */,
			);
			sourceTree = "<group>";
		};
		D091D2D718CB24A100292450 /* Products */ = {
			isa = PBXGroup;
			children = (
				D091D2D618CB24A100292450 /* NewAFTemplateProject.app */,
				D091D30018CB24A200292450 /* NewAFTemplateProjectTests.xctest */,
			);
			name = Products;
			sourceTree = "<group>";
		};
		D091D2D818CB24A100292450 /* Frameworks */ = {
			isa = PBXGroup;
			children = (
				D016328A18CDDE86007E207F /* SystemConfiguration.framework */,
				D091D2D918CB24A100292450 /* Foundation.framework */,
				D091D2DB18CB24A100292450 /* CoreGraphics.framework */,
				D091D2DD18CB24A100292450 /* UIKit.framework */,
				D091D2DF18CB24A100292450 /* CoreData.framework */,
				D091D30118CB24A200292450 /* XCTest.framework */,
				FEFC9B54C18E4F309A9831BD /* libPods.a */,
			);
			name = Frameworks;
			sourceTree = "<group>";
		};
		D091D2E118CB24A200292450 /* NewAFTemplateProject */ = {
			isa = PBXGroup;
			children = (
				D091D2E218CB24A200292450 /* Podfile */,
				D091D2F018CB24A200292450 /* NAFNPAppDelegate.h */,
				D091D2F118CB24A200292450 /* NAFNPAppDelegate.m */,
				D091D2FA18CB24A200292450 /* Images.xcassets */,
				D091D2E618CB24A200292450 /* Networking */,
				D091D2F318CB24A200292450 /* Models */,
				D091D2E418CB24A200292450 /* Supporting Files */,
				D091D31818CB284100292450 /* LoadsTableViewController.h */,
				D091D31918CB284100292450 /* LoadsTableViewController.m */,
			);
			path = NewAFTemplateProject;
			sourceTree = "<group>";
		};
		D091D2E418CB24A200292450 /* Supporting Files */ = {
			isa = PBXGroup;
			children = (
				D091D2E518CB24A200292450 /* NewAFTemplateProject-Prefix.pch */,
				D091D2EA18CB24A200292450 /* NewAFTemplateProject-Info.plist */,
				D091D2EB18CB24A200292450 /* InfoPlist.strings */,
				D091D2EE18CB24A200292450 /* main.m */,
			);
			name = "Supporting Files";
			sourceTree = "<group>";
		};
		D091D2E618CB24A200292450 /* Networking */ = {
			isa = PBXGroup;
			children = (
				D091D2E718CB24A200292450 /* NewAFTemplateProjectAPIClient.h */,
				D091D2E818CB24A200292450 /* NewAFTemplateProjectAPIClient.m */,
				D091D2F718CB24A200292450 /* NewAFTemplateProjectIncrementalStore.h */,
				D091D2F818CB24A200292450 /* NewAFTemplateProjectIncrementalStore.m */,
			);
			name = Networking;
			sourceTree = "<group>";
		};
		D091D2F318CB24A200292450 /* Models */ = {
			isa = PBXGroup;
			children = (
				D03C663318E5A280001FE75A /* Load.h */,
				D03C663418E5A280001FE75A /* Load.m */,
				D091D2F418CB24A200292450 /* NewAFTemplateProject.xcdatamodeld */,
			);
			name = Models;
			sourceTree = "<group>";
		};
		D091D30818CB24A200292450 /* NewAFTemplateProjectTests */ = {
			isa = PBXGroup;
			children = (
				D091D30E18CB24A200292450 /* NewAFTemplateProjectTests.m */,
				D091D30918CB24A200292450 /* Supporting Files */,
			);
			path = NewAFTemplateProjectTests;
			sourceTree = "<group>";
		};
		D091D30918CB24A200292450 /* Supporting Files */ = {
			isa = PBXGroup;
			children = (
				D091D30A18CB24A200292450 /* NewAFTemplateProjectTests-Info.plist */,
				D091D30B18CB24A200292450 /* InfoPlist.strings */,
			);
			name = "Supporting Files";
			sourceTree = "<group>";
		};
/* End PBXGroup section */

/* Begin PBXNativeTarget section */
		D091D2D518CB24A100292450 /* NewAFTemplateProject */ = {
			isa = PBXNativeTarget;
			buildConfigurationList = D091D31218CB24A200292450 /* Build configuration list for PBXNativeTarget "NewAFTemplateProject" */;
			buildPhases = (
				BFA4CDCB08454947B604DBCA /* Check Pods Manifest.lock */,
				D091D2D218CB24A100292450 /* Sources */,
				D091D2D318CB24A100292450 /* Frameworks */,
				D091D2D418CB24A100292450 /* Resources */,
				F5218BE297C6494D8FD8BFDE /* Copy Pods Resources */,
			);
			buildRules = (
			);
			dependencies = (
			);
			name = NewAFTemplateProject;
			productName = NewAFTemplateProject;
			productReference = D091D2D618CB24A100292450 /* NewAFTemplateProject.app */;
			productType = "com.apple.product-type.application";
		};
		D091D2FF18CB24A200292450 /* NewAFTemplateProjectTests */ = {
			isa = PBXNativeTarget;
			buildConfigurationList = D091D31518CB24A200292450 /* Build configuration list for PBXNativeTarget "NewAFTemplateProjectTests" */;
			buildPhases = (
				D091D2FC18CB24A200292450 /* Sources */,
				D091D2FD18CB24A200292450 /* Frameworks */,
				D091D2FE18CB24A200292450 /* Resources */,
			);
			buildRules = (
			);
			dependencies = (
				D091D30718CB24A200292450 /* PBXTargetDependency */,
			);
			name = NewAFTemplateProjectTests;
			productName = NewAFTemplateProjectTests;
			productReference = D091D30018CB24A200292450 /* NewAFTemplateProjectTests.xctest */;
			productType = "com.apple.product-type.bundle.unit-test";
		};
/* End PBXNativeTarget section */

/* Begin PBXProject section */
		D091D2CE18CB24A100292450 /* Project object */ = {
			isa = PBXProject;
			attributes = {
				CLASSPREFIX = NAFNP;
				LastUpgradeCheck = 0500;
				ORGANIZATIONNAME = "shane davis";
				TargetAttributes = {
					D091D2FF18CB24A200292450 = {
						TestTargetID = D091D2D518CB24A100292450;
					};
				};
			};
			buildConfigurationList = D091D2D118CB24A100292450 /* Build configuration list for PBXProject "NewAFTemplateProject" */;
			compatibilityVersion = "Xcode 3.2";
			developmentRegion = English;
			hasScannedForEncodings = 0;
			knownRegions = (
				en,
			);
			mainGroup = D091D2CD18CB24A100292450;
			productRefGroup = D091D2D718CB24A100292450 /* Products */;
			projectDirPath = "";
			projectRoot = "";
			targets = (
				D091D2D518CB24A100292450 /* NewAFTemplateProject */,
				D091D2FF18CB24A200292450 /* NewAFTemplateProjectTests */,
			);
		};
/* End PBXProject section */

/* Begin PBXResourcesBuildPhase section */
		D091D2D418CB24A100292450 /* Resources */ = {
			isa = PBXResourcesBuildPhase;
			buildActionMask = 2147483647;
			files = (
				D091D2FB18CB24A200292450 /* Images.xcassets in Resources */,
				D091D2E318CB24A200292450 /* Podfile in Resources */,
				D091D2ED18CB24A200292450 /* InfoPlist.strings in Resources */,
			);
			runOnlyForDeploymentPostprocessing = 0;
		};
		D091D2FE18CB24A200292450 /* Resources */ = {
			isa = PBXResourcesBuildPhase;
			buildActionMask = 2147483647;
			files = (
				D091D30D18CB24A200292450 /* InfoPlist.strings in Resources */,
			);
			runOnlyForDeploymentPostprocessing = 0;
		};
/* End PBXResourcesBuildPhase section */

/* Begin PBXShellScriptBuildPhase section */
		BFA4CDCB08454947B604DBCA /* Check Pods Manifest.lock */ = {
			isa = PBXShellScriptBuildPhase;
			buildActionMask = 2147483647;
			files = (
			);
			inputPaths = (
			);
			name = "Check Pods Manifest.lock";
			outputPaths = (
			);
			runOnlyForDeploymentPostprocessing = 0;
			shellPath = /bin/sh;
			shellScript = "diff \"${PODS_ROOT}/../Podfile.lock\" \"${PODS_ROOT}/Manifest.lock\" > /dev/null\nif [[ $? != 0 ]] ; then\n    cat << EOM\nerror: The sandbox is not in sync with the Podfile.lock. Run 'pod install' or update your CocoaPods installation.\nEOM\n    exit 1\nfi\n";
			showEnvVarsInLog = 0;
		};
		F5218BE297C6494D8FD8BFDE /* Copy Pods Resources */ = {
			isa = PBXShellScriptBuildPhase;
			buildActionMask = 2147483647;
			files = (
			);
			inputPaths = (
			);
			name = "Copy Pods Resources";
			outputPaths = (
			);
			runOnlyForDeploymentPostprocessing = 0;
			shellPath = /bin/sh;
			shellScript = "\"${SRCROOT}/Pods/Pods-resources.sh\"\n";
			showEnvVarsInLog = 0;
		};
/* End PBXShellScriptBuildPhase section */

/* Begin PBXSourcesBuildPhase section */
		D091D2D218CB24A100292450 /* Sources */ = {
			isa = PBXSourcesBuildPhase;
			buildActionMask = 2147483647;
			files = (
				D091D2F918CB24A200292450 /* NewAFTemplateProjectIncrementalStore.m in Sources */,
				D091D2EF18CB24A200292450 /* main.m in Sources */,
				D03C663518E5A280001FE75A /* Load.m in Sources */,
				D091D2F218CB24A200292450 /* NAFNPAppDelegate.m in Sources */,
				D091D2E918CB24A200292450 /* NewAFTemplateProjectAPIClient.m in Sources */,
				D091D2F618CB24A200292450 /* NewAFTemplateProject.xcdatamodeld in Sources */,
				D091D31A18CB284100292450 /* LoadsTableViewController.m in Sources */,
			);
			runOnlyForDeploymentPostprocessing = 0;
		};
		D091D2FC18CB24A200292450 /* Sources */ = {
			isa = PBXSourcesBuildPhase;
			buildActionMask = 2147483647;
			files = (
				D091D30F18CB24A200292450 /* NewAFTemplateProjectTests.m in Sources */,
			);
			runOnlyForDeploymentPostprocessing = 0;
		};
/* End PBXSourcesBuildPhase section */

/* Begin PBXTargetDependency section */
		D091D30718CB24A200292450 /* PBXTargetDependency */ = {
			isa = PBXTargetDependency;
			target = D091D2D518CB24A100292450 /* NewAFTemplateProject */;
			targetProxy = D091D30618CB24A200292450 /* PBXContainerItemProxy */;
		};
/* End PBXTargetDependency section */

/* Begin PBXVariantGroup section */
		D091D2EB18CB24A200292450 /* InfoPlist.strings */ = {
			isa = PBXVariantGroup;
			children = (
				D091D2EC18CB24A200292450 /* en */,
			);
			name = InfoPlist.strings;
			sourceTree = "<group>";
		};
		D091D30B18CB24A200292450 /* InfoPlist.strings */ = {
			isa = PBXVariantGroup;
			children = (
				D091D30C18CB24A200292450 /* en */,
			);
			name = InfoPlist.strings;
			sourceTree = "<group>";
		};
/* End PBXVariantGroup section */

/* Begin XCBuildConfiguration section */
		D091D31018CB24A200292450 /* Debug */ = {
			isa = XCBuildConfiguration;
			buildSettings = {
				ALWAYS_SEARCH_USER_PATHS = NO;
				ARCHS = "$(ARCHS_STANDARD_INCLUDING_64_BIT)";
				CLANG_CXX_LANGUAGE_STANDARD = "gnu++0x";
				CLANG_CXX_LIBRARY = "libc++";
				CLANG_ENABLE_MODULES = YES;
				CLANG_ENABLE_OBJC_ARC = YES;
				CLANG_WARN_BOOL_CONVERSION = YES;
				CLANG_WARN_CONSTANT_CONVERSION = YES;
				CLANG_WARN_DIRECT_OBJC_ISA_USAGE = YES_ERROR;
				CLANG_WARN_EMPTY_BODY = YES;
				CLANG_WARN_ENUM_CONVERSION = YES;
				CLANG_WARN_INT_CONVERSION = YES;
				CLANG_WARN_OBJC_ROOT_CLASS = YES_ERROR;
				CLANG_WARN__DUPLICATE_METHOD_MATCH = YES;
				"CODE_SIGN_IDENTITY[sdk=iphoneos*]" = "iPhone Developer";
				COPY_PHASE_STRIP = NO;
				GCC_C_LANGUAGE_STANDARD = gnu99;
				GCC_DYNAMIC_NO_PIC = NO;
				GCC_OPTIMIZATION_LEVEL = 0;
				GCC_PREPROCESSOR_DEFINITIONS = (
					"DEBUG=1",
					"$(inherited)",
				);
				GCC_SYMBOLS_PRIVATE_EXTERN = NO;
				GCC_WARN_64_TO_32_BIT_CONVERSION = YES;
				GCC_WARN_ABOUT_RETURN_TYPE = YES_ERROR;
				GCC_WARN_UNDECLARED_SELECTOR = YES;
				GCC_WARN_UNINITIALIZED_AUTOS = YES;
				GCC_WARN_UNUSED_FUNCTION = YES;
				GCC_WARN_UNUSED_VARIABLE = YES;
				IPHONEOS_DEPLOYMENT_TARGET = 7.0;
				ONLY_ACTIVE_ARCH = YES;
				SDKROOT = iphoneos;
			};
			name = Debug;
		};
		D091D31118CB24A200292450 /* Release */ = {
			isa = XCBuildConfiguration;
			buildSettings = {
				ALWAYS_SEARCH_USER_PATHS = NO;
				ARCHS = "$(ARCHS_STANDARD_INCLUDING_64_BIT)";
				CLANG_CXX_LANGUAGE_STANDARD = "gnu++0x";
				CLANG_CXX_LIBRARY = "libc++";
				CLANG_ENABLE_MODULES = YES;
				CLANG_ENABLE_OBJC_ARC = YES;
				CLANG_WARN_BOOL_CONVERSION = YES;
				CLANG_WARN_CONSTANT_CONVERSION = YES;
				CLANG_WARN_DIRECT_OBJC_ISA_USAGE = YES_ERROR;
				CLANG_WARN_EMPTY_BODY = YES;
				CLANG_WARN_ENUM_CONVERSION = YES;
				CLANG_WARN_INT_CONVERSION = YES;
				CLANG_WARN_OBJC_ROOT_CLASS = YES_ERROR;
				CLANG_WARN__DUPLICATE_METHOD_MATCH = YES;
				"CODE_SIGN_IDENTITY[sdk=iphoneos*]" = "iPhone Developer";
				COPY_PHASE_STRIP = YES;
				ENABLE_NS_ASSERTIONS = NO;
				GCC_C_LANGUAGE_STANDARD = gnu99;
				GCC_WARN_64_TO_32_BIT_CONVERSION = YES;
				GCC_WARN_ABOUT_RETURN_TYPE = YES_ERROR;
				GCC_WARN_UNDECLARED_SELECTOR = YES;
				GCC_WARN_UNINITIALIZED_AUTOS = YES;
				GCC_WARN_UNUSED_FUNCTION = YES;
				GCC_WARN_UNUSED_VARIABLE = YES;
				IPHONEOS_DEPLOYMENT_TARGET = 7.0;
				SDKROOT = iphoneos;
				VALIDATE_PRODUCT = YES;
			};
			name = Release;
		};
		D091D31318CB24A200292450 /* Debug */ = {
			isa = XCBuildConfiguration;
			baseConfigurationReference = E94D307ACC0E4BBFA4AD5C48 /* Pods.xcconfig */;
			buildSettings = {
				ASSETCATALOG_COMPILER_APPICON_NAME = AppIcon;
				ASSETCATALOG_COMPILER_LAUNCHIMAGE_NAME = LaunchImage;
				GCC_PRECOMPILE_PREFIX_HEADER = YES;
				GCC_PREFIX_HEADER = "NewAFTemplateProject/NewAFTemplateProject-Prefix.pch";
				INFOPLIST_FILE = "NewAFTemplateProject/NewAFTemplateProject-Info.plist";
				PRODUCT_NAME = "$(TARGET_NAME)";
				WRAPPER_EXTENSION = app;
			};
			name = Debug;
		};
		D091D31418CB24A200292450 /* Release */ = {
			isa = XCBuildConfiguration;
			baseConfigurationReference = E94D307ACC0E4BBFA4AD5C48 /* Pods.xcconfig */;
			buildSettings = {
				ASSETCATALOG_COMPILER_APPICON_NAME = AppIcon;
				ASSETCATALOG_COMPILER_LAUNCHIMAGE_NAME = LaunchImage;
				GCC_PRECOMPILE_PREFIX_HEADER = YES;
				GCC_PREFIX_HEADER = "NewAFTemplateProject/NewAFTemplateProject-Prefix.pch";
				INFOPLIST_FILE = "NewAFTemplateProject/NewAFTemplateProject-Info.plist";
				PRODUCT_NAME = "$(TARGET_NAME)";
				WRAPPER_EXTENSION = app;
			};
			name = Release;
		};
		D091D31618CB24A200292450 /* Debug */ = {
			isa = XCBuildConfiguration;
			buildSettings = {
				ARCHS = "$(ARCHS_STANDARD_INCLUDING_64_BIT)";
				BUNDLE_LOADER = "$(BUILT_PRODUCTS_DIR)/NewAFTemplateProject.app/NewAFTemplateProject";
				FRAMEWORK_SEARCH_PATHS = (
					"$(SDKROOT)/Developer/Library/Frameworks",
					"$(inherited)",
					"$(DEVELOPER_FRAMEWORKS_DIR)",
				);
				GCC_PRECOMPILE_PREFIX_HEADER = YES;
				GCC_PREFIX_HEADER = "NewAFTemplateProject/NewAFTemplateProject-Prefix.pch";
				GCC_PREPROCESSOR_DEFINITIONS = (
					"DEBUG=1",
					"$(inherited)",
				);
				INFOPLIST_FILE = "NewAFTemplateProjectTests/NewAFTemplateProjectTests-Info.plist";
				PRODUCT_NAME = "$(TARGET_NAME)";
				TEST_HOST = "$(BUNDLE_LOADER)";
				WRAPPER_EXTENSION = xctest;
			};
			name = Debug;
		};
		D091D31718CB24A200292450 /* Release */ = {
			isa = XCBuildConfiguration;
			buildSettings = {
				ARCHS = "$(ARCHS_STANDARD_INCLUDING_64_BIT)";
				BUNDLE_LOADER = "$(BUILT_PRODUCTS_DIR)/NewAFTemplateProject.app/NewAFTemplateProject";
				FRAMEWORK_SEARCH_PATHS = (
					"$(SDKROOT)/Developer/Library/Frameworks",
					"$(inherited)",
					"$(DEVELOPER_FRAMEWORKS_DIR)",
				);
				GCC_PRECOMPILE_PREFIX_HEADER = YES;
				GCC_PREFIX_HEADER = "NewAFTemplateProject/NewAFTemplateProject-Prefix.pch";
				INFOPLIST_FILE = "NewAFTemplateProjectTests/NewAFTemplateProjectTests-Info.plist";
				PRODUCT_NAME = "$(TARGET_NAME)";
				TEST_HOST = "$(BUNDLE_LOADER)";
				WRAPPER_EXTENSION = xctest;
			};
			name = Release;
		};
/* End XCBuildConfiguration section */

/* Begin XCConfigurationList section */
		D091D2D118CB24A100292450 /* Build configuration list for PBXProject "NewAFTemplateProject" */ = {
			isa = XCConfigurationList;
			buildConfigurations = (
				D091D31018CB24A200292450 /* Debug */,
				D091D31118CB24A200292450 /* Release */,
			);
			defaultConfigurationIsVisible = 0;
			defaultConfigurationName = Release;
		};
		D091D31218CB24A200292450 /* Build configuration list for PBXNativeTarget "NewAFTemplateProject" */ = {
			isa = XCConfigurationList;
			buildConfigurations = (
				D091D31318CB24A200292450 /* Debug */,
				D091D31418CB24A200292450 /* Release */,
			);
			defaultConfigurationIsVisible = 0;
			defaultConfigurationName = Release;
		};
		D091D31518CB24A200292450 /* Build configuration list for PBXNativeTarget "NewAFTemplateProjectTests" */ = {
			isa = XCConfigurationList;
			buildConfigurations = (
				D091D31618CB24A200292450 /* Debug */,
				D091D31718CB24A200292450 /* Release */,
			);
			defaultConfigurationIsVisible = 0;
			defaultConfigurationName = Release;
		};
/* End XCConfigurationList section */

/* Begin XCVersionGroup section */
		D091D2F418CB24A200292450 /* NewAFTemplateProject.xcdatamodeld */ = {
			isa = XCVersionGroup;
			children = (
				D091D2F518CB24A200292450 /* NewAFTemplateProject.xcdatamodel */,
			);
			currentVersion = D091D2F518CB24A200292450 /* NewAFTemplateProject.xcdatamodel */;
			path = NewAFTemplateProject.xcdatamodeld;
			sourceTree = "<group>";
			versionGroupType = wrapper.xcdatamodel;
		};
/* End XCVersionGroup section */
	};
	rootObject = D091D2CE18CB24A100292450 /* Project object */;
}
